// !$*UTF8*$!
{
	archiveVersion = 1;
	classes = {
	};
	objectVersion = 50;
	objects = {

/* Begin PBXBuildFile section */
		3AF8609E2262991A006DA7C5 /* AppDelegate.swift in Sources */ = {isa = PBXBuildFile; fileRef = 3AF8609D2262991A006DA7C5 /* AppDelegate.swift */; };
		3AF860A02262991A006DA7C5 /* HomeVC.swift in Sources */ = {isa = PBXBuildFile; fileRef = 3AF8609F2262991A006DA7C5 /* HomeVC.swift */; };
		3AF860A32262991A006DA7C5 /* Main.storyboard in Resources */ = {isa = PBXBuildFile; fileRef = 3AF860A12262991A006DA7C5 /* Main.storyboard */; };
		3AF860A52262991C006DA7C5 /* Assets.xcassets in Resources */ = {isa = PBXBuildFile; fileRef = 3AF860A42262991C006DA7C5 /* Assets.xcassets */; };
		3AF860A82262991C006DA7C5 /* LaunchScreen.storyboard in Resources */ = {isa = PBXBuildFile; fileRef = 3AF860A62262991C006DA7C5 /* LaunchScreen.storyboard */; };
		3AF860B222629BFC006DA7C5 /* HomeVC+WebView.swift in Sources */ = {isa = PBXBuildFile; fileRef = 3AF860B122629BFC006DA7C5 /* HomeVC+WebView.swift */; };
		419446C6A31A148BBF2C98A0 /* Pods_WKWebView.framework in Frameworks */ = {isa = PBXBuildFile; fileRef = 5FEDAD819CBD2BE445D8D48B /* Pods_WKWebView.framework */; };
/* End PBXBuildFile section */

/* Begin PBXFileReference section */
		297F04C1FCD9506B7750706F /* Pods-WKWebView.release.xcconfig */ = {isa = PBXFileReference; includeInIndex = 1; lastKnownFileType = text.xcconfig; name = "Pods-WKWebView.release.xcconfig"; path = "Pods/Target Support Files/Pods-WKWebView/Pods-WKWebView.release.xcconfig"; sourceTree = "<group>"; };
		3AF8609A2262991A006DA7C5 /* WKWebView.app */ = {isa = PBXFileReference; explicitFileType = wrapper.application; includeInIndex = 0; path = WKWebView.app; sourceTree = BUILT_PRODUCTS_DIR; };
		3AF8609D2262991A006DA7C5 /* AppDelegate.swift */ = {isa = PBXFileReference; lastKnownFileType = sourcecode.swift; path = AppDelegate.swift; sourceTree = "<group>"; };
		3AF8609F2262991A006DA7C5 /* HomeVC.swift */ = {isa = PBXFileReference; lastKnownFileType = sourcecode.swift; path = HomeVC.swift; sourceTree = "<group>"; };
		3AF860A22262991A006DA7C5 /* Base */ = {isa = PBXFileReference; lastKnownFileType = file.storyboard; name = Base; path = Base.lproj/Main.storyboard; sourceTree = "<group>"; };
		3AF860A42262991C006DA7C5 /* Assets.xcassets */ = {isa = PBXFileReference; lastKnownFileType = folder.assetcatalog; path = Assets.xcassets; sourceTree = "<group>"; };
		3AF860A72262991C006DA7C5 /* Base */ = {isa = PBXFileReference; lastKnownFileType = file.storyboard; name = Base; path = Base.lproj/LaunchScreen.storyboard; sourceTree = "<group>"; };
		3AF860A92262991C006DA7C5 /* Info.plist */ = {isa = PBXFileReference; lastKnownFileType = text.plist.xml; path = Info.plist; sourceTree = "<group>"; };
		3AF860B122629BFC006DA7C5 /* HomeVC+WebView.swift */ = {isa = PBXFileReference; lastKnownFileType = sourcecode.swift; path = "HomeVC+WebView.swift"; sourceTree = "<group>"; };
		5FEDAD819CBD2BE445D8D48B /* Pods_WKWebView.framework */ = {isa = PBXFileReference; explicitFileType = wrapper.framework; includeInIndex = 0; path = Pods_WKWebView.framework; sourceTree = BUILT_PRODUCTS_DIR; };
		D4C2D6F7BF937F3F688C8FE3 /* Pods-WKWebView.debug.xcconfig */ = {isa = PBXFileReference; includeInIndex = 1; lastKnownFileType = text.xcconfig; name = "Pods-WKWebView.debug.xcconfig"; path = "Pods/Target Support Files/Pods-WKWebView/Pods-WKWebView.debug.xcconfig"; sourceTree = "<group>"; };
/* End PBXFileReference section */

/* Begin PBXFrameworksBuildPhase section */
		3AF860972262991A006DA7C5 /* Frameworks */ = {
			isa = PBXFrameworksBuildPhase;
			buildActionMask = 2147483647;
			files = (
				419446C6A31A148BBF2C98A0 /* Pods_WKWebView.framework in Frameworks */,
			);
			runOnlyForDeploymentPostprocessing = 0;
		};
/* End PBXFrameworksBuildPhase section */

/* Begin PBXGroup section */
		3475D6143F35DE289FC7FD5F /* Pods */ = {
			isa = PBXGroup;
			children = (
				D4C2D6F7BF937F3F688C8FE3 /* Pods-WKWebView.debug.xcconfig */,
				297F04C1FCD9506B7750706F /* Pods-WKWebView.release.xcconfig */,
			);
			name = Pods;
			sourceTree = "<group>";
		};
		3AF860912262991A006DA7C5 = {
			isa = PBXGroup;
			children = (
				3AF8609C2262991A006DA7C5 /* WKWebView */,
				3AF8609B2262991A006DA7C5 /* Products */,
				3475D6143F35DE289FC7FD5F /* Pods */,
				DAAF84D5395150A7A555F77E /* Frameworks */,
			);
			sourceTree = "<group>";
		};
		3AF8609B2262991A006DA7C5 /* Products */ = {
			isa = PBXGroup;
			children = (
				3AF8609A2262991A006DA7C5 /* WKWebView.app */,
			);
			name = Products;
			sourceTree = "<group>";
		};
		3AF8609C2262991A006DA7C5 /* WKWebView */ = {
			isa = PBXGroup;
			children = (
				3AF8609D2262991A006DA7C5 /* AppDelegate.swift */,
				3AF8609F2262991A006DA7C5 /* HomeVC.swift */,
				3AF860B122629BFC006DA7C5 /* HomeVC+WebView.swift */,
				3AF860A12262991A006DA7C5 /* Main.storyboard */,
				3AF860A42262991C006DA7C5 /* Assets.xcassets */,
				3AF860A62262991C006DA7C5 /* LaunchScreen.storyboard */,
				3AF860A92262991C006DA7C5 /* Info.plist */,
			);
			path = WKWebView;
			sourceTree = "<group>";
		};
		DAAF84D5395150A7A555F77E /* Frameworks */ = {
			isa = PBXGroup;
			children = (
				5FEDAD819CBD2BE445D8D48B /* Pods_WKWebView.framework */,
			);
			name = Frameworks;
			sourceTree = "<group>";
		};
/* End PBXGroup section */

/* Begin PBXNativeTarget section */
		3AF860992262991A006DA7C5 /* WKWebView */ = {
			isa = PBXNativeTarget;
			buildConfigurationList = 3AF860AC2262991C006DA7C5 /* Build configuration list for PBXNativeTarget "WKWebView" */;
			buildPhases = (
				0F01F7E62FE81F56AED1DBC1 /* [CP] Check Pods Manifest.lock */,
				3AF860962262991A006DA7C5 /* Sources */,
				3AF860972262991A006DA7C5 /* Frameworks */,
				3AF860982262991A006DA7C5 /* Resources */,
				3D7B425B35099642C14154F0 /* [CP] Embed Pods Frameworks */,
			);
			buildRules = (
			);
			dependencies = (
			);
			name = WKWebView;
			productName = WKWebView;
			productReference = 3AF8609A2262991A006DA7C5 /* WKWebView.app */;
			productType = "com.apple.product-type.application";
		};
/* End PBXNativeTarget section */

/* Begin PBXProject section */
		3AF860922262991A006DA7C5 /* Project object */ = {
			isa = PBXProject;
			attributes = {
				LastSwiftUpdateCheck = 1010;
				LastUpgradeCheck = 1010;
				ORGANIZATIONNAME = Pajtim;
				TargetAttributes = {
					3AF860992262991A006DA7C5 = {
						CreatedOnToolsVersion = 10.1;
					};
				};
			};
			buildConfigurationList = 3AF860952262991A006DA7C5 /* Build configuration list for PBXProject "WKWebView" */;
			compatibilityVersion = "Xcode 9.3";
			developmentRegion = en;
			hasScannedForEncodings = 0;
			knownRegions = (
				en,
				Base,
			);
			mainGroup = 3AF860912262991A006DA7C5;
			productRefGroup = 3AF8609B2262991A006DA7C5 /* Products */;
			projectDirPath = "";
			projectRoot = "";
			targets = (
				3AF860992262991A006DA7C5 /* WKWebView */,
			);
		};
/* End PBXProject section */

/* Begin PBXResourcesBuildPhase section */
		3AF860982262991A006DA7C5 /* Resources */ = {
			isa = PBXResourcesBuildPhase;
			buildActionMask = 2147483647;
			files = (
				3AF860A82262991C006DA7C5 /* LaunchScreen.storyboard in Resources */,
				3AF860A52262991C006DA7C5 /* Assets.xcassets in Resources */,
				3AF860A32262991A006DA7C5 /* Main.storyboard in Resources */,
			);
			runOnlyForDeploymentPostprocessing = 0;
		};
/* End PBXResourcesBuildPhase section */

/* Begin PBXShellScriptBuildPhase section */
		0F01F7E62FE81F56AED1DBC1 /* [CP] Check Pods Manifest.lock */ = {
			isa = PBXShellScriptBuildPhase;
			buildActionMask = 2147483647;
			files = (
			);
			inputPaths = (
				"${PODS_PODFILE_DIR_PATH}/Podfile.lock",
				"${PODS_ROOT}/Manifest.lock",
			);
			name = "[CP] Check Pods Manifest.lock";
			outputPaths = (
				"$(DERIVED_FILE_DIR)/Pods-WKWebView-checkManifestLockResult.txt",
			);
			runOnlyForDeploymentPostprocessing = 0;
			shellPath = /bin/sh;
			shellScript = "diff \"${PODS_PODFILE_DIR_PATH}/Podfile.lock\" \"${PODS_ROOT}/Manifest.lock\" > /dev/null\nif [ $? != 0 ] ; then\n    # print error to STDERR\n    echo \"error: The sandbox is not in sync with the Podfile.lock. Run 'pod install' or update your CocoaPods installation.\" >&2\n    exit 1\nfi\n# This output is used by Xcode 'outputs' to avoid re-running this script phase.\necho \"SUCCESS\" > \"${SCRIPT_OUTPUT_FILE_0}\"\n";
			showEnvVarsInLog = 0;
		};
		3D7B425B35099642C14154F0 /* [CP] Embed Pods Frameworks */ = {
			isa = PBXShellScriptBuildPhase;
			buildActionMask = 2147483647;
			files = (
			);
			inputPaths = (
				"${SRCROOT}/Pods/Target Support Files/Pods-WKWebView/Pods-WKWebView-frameworks.sh",
				"${BUILT_PRODUCTS_DIR}/MBProgressHUD/MBProgressHUD.framework",
			);
			name = "[CP] Embed Pods Frameworks";
			outputPaths = (
				"${TARGET_BUILD_DIR}/${FRAMEWORKS_FOLDER_PATH}/MBProgressHUD.framework",
			);
			runOnlyForDeploymentPostprocessing = 0;
			shellPath = /bin/sh;
			shellScript = "\"${SRCROOT}/Pods/Target Support Files/Pods-WKWebView/Pods-WKWebView-frameworks.sh\"\n";
			showEnvVarsInLog = 0;
		};
/* End PBXShellScriptBuildPhase section */

/* Begin PBXSourcesBuildPhase section */
		3AF860962262991A006DA7C5 /* Sources */ = {
			isa = PBXSourcesBuildPhase;
			buildActionMask = 2147483647;
			files = (
				3AF860B222629BFC006DA7C5 /* HomeVC+WebView.swift in Sources */,
				3AF860A02262991A006DA7C5 /* HomeVC.swift in Sources */,
				3AF8609E2262991A006DA7C5 /* AppDelegate.swift in Sources */,
			);
			runOnlyForDeploymentPostprocessing = 0;
		};
/* End PBXSourcesBuildPhase section */

/* Begin PBXVariantGroup section */
		3AF860A12262991A006DA7C5 /* Main.storyboard */ = {
			isa = PBXVariantGroup;
			children = (
				3AF860A22262991A006DA7C5 /* Base */,
			);
			name = Main.storyboard;
			sourceTree = "<group>";
		};
		3AF860A62262991C006DA7C5 /* LaunchScreen.storyboard */ = {
			isa = PBXVariantGroup;
			children = (
				3AF860A72262991C006DA7C5 /* Base */,
			);
			name = LaunchScreen.storyboard;
			sourceTree = "<group>";
		};
/* End PBXVariantGroup section */

/* Begin XCBuildConfiguration section */
		3AF860AA2262991C006DA7C5 /* Debug */ = {
			isa = XCBuildConfiguration;
			buildSettings = {
				ALWAYS_SEARCH_USER_PATHS = NO;
				CLANG_ANALYZER_NONNULL = YES;
				CLANG_ANALYZER_NUMBER_OBJECT_CONVERSION = YES_AGGRESSIVE;
				CLANG_CXX_LANGUAGE_STANDARD = "gnu++14";
				CLANG_CXX_LIBRARY = "libc++";
				CLANG_ENABLE_MODULES = YES;
				CLANG_ENABLE_OBJC_ARC = YES;
				CLANG_ENABLE_OBJC_WEAK = YES;
				CLANG_WARN_BLOCK_CAPTURE_AUTORELEASING = YES;
				CLANG_WARN_BOOL_CONVERSION = YES;
				CLANG_WARN_COMMA = YES;
				CLANG_WARN_CONSTANT_CONVERSION = YES;
				CLANG_WARN_DEPRECATED_OBJC_IMPLEMENTATIONS = YES;
				CLANG_WARN_DIRECT_OBJC_ISA_USAGE = YES_ERROR;
				CLANG_WARN_DOCUMENTATION_COMMENTS = YES;
				CLANG_WARN_EMPTY_BODY = YES;
				CLANG_WARN_ENUM_CONVERSION = YES;
				CLANG_WARN_INFINITE_RECURSION = YES;
				CLANG_WARN_INT_CONVERSION = YES;
				CLANG_WARN_NON_LITERAL_NULL_CONVERSION = YES;
				CLANG_WARN_OBJC_IMPLICIT_RETAIN_SELF = YES;
				CLANG_WARN_OBJC_LITERAL_CONVERSION = YES;
				CLANG_WARN_OBJC_ROOT_CLASS = YES_ERROR;
				CLANG_WARN_RANGE_LOOP_ANALYSIS = YES;
				CLANG_WARN_STRICT_PROTOTYPES = YES;
				CLANG_WARN_SUSPICIOUS_MOVE = YES;
				CLANG_WARN_UNGUARDED_AVAILABILITY = YES_AGGRESSIVE;
				CLANG_WARN_UNREACHABLE_CODE = YES;
				CLANG_WARN__DUPLICATE_METHOD_MATCH = YES;
				CODE_SIGN_IDENTITY = "iPhone Developer";
				COPY_PHASE_STRIP = NO;
				DEBUG_INFORMATION_FORMAT = dwarf;
				ENABLE_STRICT_OBJC_MSGSEND = YES;
				ENABLE_TESTABILITY = YES;
				GCC_C_LANGUAGE_STANDARD = gnu11;
				GCC_DYNAMIC_NO_PIC = NO;
				GCC_NO_COMMON_BLOCKS = YES;
				GCC_OPTIMIZATION_LEVEL = 0;
				GCC_PREPROCESSOR_DEFINITIONS = (
					"DEBUG=1",
					"$(inherited)",
				);
				GCC_WARN_64_TO_32_BIT_CONVERSION = YES;
				GCC_WARN_ABOUT_RETURN_TYPE = YES_ERROR;
				GCC_WARN_UNDECLARED_SELECTOR = YES;
				GCC_WARN_UNINITIALIZED_AUTOS = YES_AGGRESSIVE;
				GCC_WARN_UNUSED_FUNCTION = YES;
				GCC_WARN_UNUSED_VARIABLE = YES;
				IPHONEOS_DEPLOYMENT_TARGET = 12.1;
				MTL_ENABLE_DEBUG_INFO = INCLUDE_SOURCE;
				MTL_FAST_MATH = YES;
				ONLY_ACTIVE_ARCH = YES;
				SDKROOT = iphoneos;
				SWIFT_ACTIVE_COMPILATION_CONDITIONS = DEBUG;
				SWIFT_OPTIMIZATION_LEVEL = "-Onone";
			};
			name = Debug;
		};
		3AF860AB2262991C006DA7C5 /* Release */ = {
			isa = XCBuildConfiguration;
			buildSettings = {
				ALWAYS_SEARCH_USER_PATHS = NO;
				CLANG_ANALYZER_NONNULL = YES;
				CLANG_ANALYZER_NUMBER_OBJECT_CONVERSION = YES_AGGRESSIVE;
				CLANG_CXX_LANGUAGE_STANDARD = "gnu++14";
				CLANG_CXX_LIBRARY = "libc++";
				CLANG_ENABLE_MODULES = YES;
				CLANG_ENABLE_OBJC_ARC = YES;
				CLANG_ENABLE_OBJC_WEAK = YES;
				CLANG_WARN_BLOCK_CAPTURE_AUTORELEASING = YES;
				CLANG_WARN_BOOL_CONVERSION = YES;
				CLANG_WARN_COMMA = YES;
				CLANG_WARN_CONSTANT_CONVERSION = YES;
				CLANG_WARN_DEPRECATED_OBJC_IMPLEMENTATIONS = YES;
				CLANG_WARN_DIRECT_OBJC_ISA_USAGE = YES_ERROR;
				CLANG_WARN_DOCUMENTATION_COMMENTS = YES;
				CLANG_WARN_EMPTY_BODY = YES;
				CLANG_WARN_ENUM_CONVERSION = YES;
				CLANG_WARN_INFINITE_RECURSION = YES;
				CLANG_WARN_INT_CONVERSION = YES;
				CLANG_WARN_NON_LITERAL_NULL_CONVERSION = YES;
				CLANG_WARN_OBJC_IMPLICIT_RETAIN_SELF = YES;
				CLANG_WARN_OBJC_LITERAL_CONVERSION = YES;
				CLANG_WARN_OBJC_ROOT_CLASS = YES_ERROR;
				CLANG_WARN_RANGE_LOOP_ANALYSIS = YES;
				CLANG_WARN_STRICT_PROTOTYPES = YES;
				CLANG_WARN_SUSPICIOUS_MOVE = YES;
				CLANG_WARN_UNGUARDED_AVAILABILITY = YES_AGGRESSIVE;
				CLANG_WARN_UNREACHABLE_CODE = YES;
				CLANG_WARN__DUPLICATE_METHOD_MATCH = YES;
				CODE_SIGN_IDENTITY = "iPhone Developer";
				COPY_PHASE_STRIP = NO;
				DEBUG_INFORMATION_FORMAT = "dwarf-with-dsym";
				ENABLE_NS_ASSERTIONS = NO;
				ENABLE_STRICT_OBJC_MSGSEND = YES;
				GCC_C_LANGUAGE_STANDARD = gnu11;
				GCC_NO_COMMON_BLOCKS = YES;
				GCC_WARN_64_TO_32_BIT_CONVERSION = YES;
				GCC_WARN_ABOUT_RETURN_TYPE = YES_ERROR;
				GCC_WARN_UNDECLARED_SELECTOR = YES;
				GCC_WARN_UNINITIALIZED_AUTOS = YES_AGGRESSIVE;
				GCC_WARN_UNUSED_FUNCTION = YES;
				GCC_WARN_UNUSED_VARIABLE = YES;
				IPHONEOS_DEPLOYMENT_TARGET = 12.1;
				MTL_ENABLE_DEBUG_INFO = NO;
				MTL_FAST_MATH = YES;
				SDKROOT = iphoneos;
				SWIFT_COMPILATION_MODE = wholemodule;
				SWIFT_OPTIMIZATION_LEVEL = "-O";
				VALIDATE_PRODUCT = YES;
			};
			name = Release;
		};
		3AF860AD2262991C006DA7C5 /* Debug */ = {
			isa = XCBuildConfiguration;
			baseConfigurationReference = D4C2D6F7BF937F3F688C8FE3 /* Pods-WKWebView.debug.xcconfig */;
			buildSettings = {
				ASSETCATALOG_COMPILER_APPICON_NAME = AppIcon;
				CODE_SIGN_STYLE = Automatic;
				INFOPLIST_FILE = WKWebView/Info.plist;
				LD_RUNPATH_SEARCH_PATHS = (
					"$(inherited)",
					"@executable_path/Frameworks",
				);
				PRODUCT_BUNDLE_IDENTIFIER = com.WKWebView;
				PRODUCT_NAME = "$(TARGET_NAME)";
				SWIFT_VERSION = 4.2;
				TARGETED_DEVICE_FAMILY = "1,2";
			};
			name = Debug;
		};
		3AF860AE2262991C006DA7C5 /* Release */ = {
			isa = XCBuildConfiguration;
			baseConfigurationReference = 297F04C1FCD9506B7750706F /* Pods-WKWebView.release.xcconfig */;
			buildSettings = {
				ASSETCATALOG_COMPILER_APPICON_NAME = AppIcon;
				CODE_SIGN_STYLE = Automatic;
				INFOPLIST_FILE = WKWebView/Info.plist;
				LD_RUNPATH_SEARCH_PATHS = (
					"$(inherited)",
					"@executable_path/Frameworks",
				);
				PRODUCT_BUNDLE_IDENTIFIER = com.WKWebView;
				PRODUCT_NAME = "$(TARGET_NAME)";
				SWIFT_VERSION = 4.2;
				TARGETED_DEVICE_FAMILY = "1,2";
			};
			name = Release;
		};
/* End XCBuildConfiguration section */

/* Begin XCConfigurationList section */
		3AF860952262991A006DA7C5 /* Build configuration list for PBXProject "WKWebView" */ = {
			isa = XCConfigurationList;
			buildConfigurations = (
				3AF860AA2262991C006DA7C5 /* Debug */,
				3AF860AB2262991C006DA7C5 /* Release */,
			);
			defaultConfigurationIsVisible = 0;
			defaultConfigurationName = Release;
		};
		3AF860AC2262991C006DA7C5 /* Build configuration list for PBXNativeTarget "WKWebView" */ = {
			isa = XCConfigurationList;
			buildConfigurations = (
				3AF860AD2262991C006DA7C5 /* Debug */,
				3AF860AE2262991C006DA7C5 /* Release */,
			);
			defaultConfigurationIsVisible = 0;
			defaultConfigurationName = Release;
		};
/* End XCConfigurationList section */
	};
	rootObject = 3AF860922262991A006DA7C5 /* Project object */;
}
